
Microsoft Visual Studio Solution File, Format Version 12.00
# Visual Studio 15
Project("{FAE04EC0-301F-11D3-BF4B-00C04F79EFBC}") = "Assembly-CSharp", "Assembly-CSharp.csproj", "{D38B55E2-4A68-1591-C24A-F59257D02E3B}"
EndProject
Global
	GlobalSection(SolutionConfigurationPlatforms) = preSolution
		Debug|Any CPU = Debug|Any CPU
		Release|Any CPU = Release|Any CPU
	EndGlobalSection
	GlobalSection(ProjectConfigurationPlatforms) = postSolution
		{D38B55E2-4A68-1591-C24A-F59257D02E3B}.Debug|Any CPU.ActiveCfg = Debug|Any CPU
		{D38B55E2-4A68-1591-C24A-F59257D02E3B}.Debug|Any CPU.Build.0 = Debug|Any CPU
		{D38B55E2-4A68-1591-C24A-F59257D02E3B}.Release|Any CPU.ActiveCfg = Release|Any CPU
		{D38B55E2-4A68-1591-C24A-F59257D02E3B}.Release|Any CPU.Build.0 = Release|Any CPU
	EndGlobalSection
	GlobalSection(SolutionProperties) = preSolution
		HideSolutionNode = FALSE
	EndGlobalSection
EndGlobal
